// !$*UTF8*$!
{
	archiveVersion = 1;
	classes = {
	};
	objectVersion = 46;
	objects = {

/* Begin PBXBuildFile section */
		14EFB1BB1211DB5300D19B0C /* Cocoa.framework in Frameworks */ = {isa = PBXBuildFile; fileRef = 14EFB1BA1211DB5300D19B0C /* Cocoa.framework */; };
		4C16781A13C71E6200814195 /* UIInternalMovieView.h in Headers */ = {isa = PBXBuildFile; fileRef = 4C16781813C71E6200814195 /* UIInternalMovieView.h */; settings = {ATTRIBUTES = (Public, ); }; };
		4C16781B13C71E6200814195 /* UIInternalMovieView.m in Sources */ = {isa = PBXBuildFile; fileRef = 4C16781913C71E6200814195 /* UIInternalMovieView.m */; };
		4C16787D13C71FB900814195 /* UIKit.framework in Frameworks */ = {isa = PBXBuildFile; fileRef = 4C16787C13C71FB900814195 /* UIKit.framework */; };
		4C16789F13C7206500814195 /* QTKit.framework in Frameworks */ = {isa = PBXBuildFile; fileRef = 4C16789E13C7206500814195 /* QTKit.framework */; };
		4C72FDF613C746E800D3E453 /* QuartzCore.framework in Frameworks */ = {isa = PBXBuildFile; fileRef = 4C72FDF513C746E800D3E453 /* QuartzCore.framework */; };
		7407731A16E5D8B800E92210 /* chameleon_qtmovie_volume-0.png in Resources */ = {isa = PBXBuildFile; fileRef = 7407731916E5D8B800E92210 /* chameleon_qtmovie_volume-0.png */; };
		7407733016E5FF3800E92210 /* chameleon_qtmovie_fullscreen.png in Resources */ = {isa = PBXBuildFile; fileRef = 7407732F16E5FF3800E92210 /* chameleon_qtmovie_fullscreen.png */; };
		7407736016E7432400E92210 /* MediaPlayer.h in Headers */ = {isa = PBXBuildFile; fileRef = 7407734A16E7432400E92210 /* MediaPlayer.h */; settings = {ATTRIBUTES = (Public, ); }; };
		7407736116E7432400E92210 /* MPMediaPlayback.h in Headers */ = {isa = PBXBuildFile; fileRef = 7407734B16E7432400E92210 /* MPMediaPlayback.h */; settings = {ATTRIBUTES = (Public, ); }; };
		7407736216E7432400E92210 /* MPMovie.h in Headers */ = {isa = PBXBuildFile; fileRef = 7407734C16E7432400E92210 /* MPMovie.h */; settings = {ATTRIBUTES = (Public, ); }; };
		7407736316E7432400E92210 /* MPMovie.m in Sources */ = {isa = PBXBuildFile; fileRef = 7407734D16E7432400E92210 /* MPMovie.m */; };
		7407736416E7432400E92210 /* MPMoviePlayerController.h in Headers */ = {isa = PBXBuildFile; fileRef = 7407734E16E7432400E92210 /* MPMoviePlayerController.h */; settings = {ATTRIBUTES = (Public, ); }; };
		7407736516E7432400E92210 /* MPMoviePlayerController.m in Sources */ = {isa = PBXBuildFile; fileRef = 7407734F16E7432400E92210 /* MPMoviePlayerController.m */; };
		7407736616E7432400E92210 /* MPMoviePlayerCtrlPanel.h in Headers */ = {isa = PBXBuildFile; fileRef = 7407735016E7432400E92210 /* MPMoviePlayerCtrlPanel.h */; settings = {ATTRIBUTES = (Public, ); }; };
		7407736716E7432400E92210 /* MPMoviePlayerCtrlPanel.m in Sources */ = {isa = PBXBuildFile; fileRef = 7407735116E7432400E92210 /* MPMoviePlayerCtrlPanel.m */; };
		7407736816E7432400E92210 /* MPMoviePlayerHUD.h in Headers */ = {isa = PBXBuildFile; fileRef = 7407735216E7432400E92210 /* MPMoviePlayerHUD.h */; settings = {ATTRIBUTES = (Public, ); }; };
		7407736916E7432400E92210 /* MPMoviePlayerHUD.m in Sources */ = {isa = PBXBuildFile; fileRef = 7407735316E7432400E92210 /* MPMoviePlayerHUD.m */; };
		7407736A16E7432400E92210 /* MPMovieProgressBar.h in Headers */ = {isa = PBXBuildFile; fileRef = 7407735416E7432400E92210 /* MPMovieProgressBar.h */; settings = {ATTRIBUTES = (Public, ); }; };
		7407736B16E7432400E92210 /* MPMovieProgressBar.m in Sources */ = {isa = PBXBuildFile; fileRef = 7407735516E7432400E92210 /* MPMovieProgressBar.m */; };
		7407736C16E7432400E92210 /* MPMovieView.h in Headers */ = {isa = PBXBuildFile; fileRef = 7407735616E7432400E92210 /* MPMovieView.h */; settings = {ATTRIBUTES = (Public, ); }; };
		7407736D16E7432400E92210 /* MPMovieView.m in Sources */ = {isa = PBXBuildFile; fileRef = 7407735716E7432400E92210 /* MPMovieView.m */; };
		7407736E16E7432400E92210 /* MPMusicPlayerController.h in Headers */ = {isa = PBXBuildFile; fileRef = 7407735816E7432400E92210 /* MPMusicPlayerController.h */; settings = {ATTRIBUTES = (Public, ); }; };
		7407736F16E7432400E92210 /* MPMusicPlayerController.m in Sources */ = {isa = PBXBuildFile; fileRef = 7407735916E7432400E92210 /* MPMusicPlayerController.m */; };
		7407737016E7432400E92210 /* QTMovie+PlaybackStatusAfx.h in Headers */ = {isa = PBXBuildFile; fileRef = 7407735A16E7432400E92210 /* QTMovie+PlaybackStatusAfx.h */; settings = {ATTRIBUTES = (Public, ); }; };
		7407737116E7432400E92210 /* QTMovie+PlaybackStatusAfx.m in Sources */ = {isa = PBXBuildFile; fileRef = 7407735B16E7432400E92210 /* QTMovie+PlaybackStatusAfx.m */; };
		7407737416E7432400E92210 /* UIImage+QTKitImage.h in Headers */ = {isa = PBXBuildFile; fileRef = 7407735E16E7432400E92210 /* UIImage+QTKitImage.h */; settings = {ATTRIBUTES = (Public, ); }; };
		7407737516E7432400E92210 /* UIImage+QTKitImage.m in Sources */ = {isa = PBXBuildFile; fileRef = 7407735F16E7432400E92210 /* UIImage+QTKitImage.m */; };
		7407737816E78DFF00E92210 /* MPMovieCtrlBackground.h in Headers */ = {isa = PBXBuildFile; fileRef = 7407737616E78DFD00E92210 /* MPMovieCtrlBackground.h */; };
		7407737916E78DFF00E92210 /* MPMovieCtrlBackground.m in Sources */ = {isa = PBXBuildFile; fileRef = 7407737716E78DFE00E92210 /* MPMovieCtrlBackground.m */; };
		7407738316E8810C00E92210 /* chameleon_qtmovie_fullscreen@2x.png in Resources */ = {isa = PBXBuildFile; fileRef = 7407738216E8810C00E92210 /* chameleon_qtmovie_fullscreen@2x.png */; };
		740773B416E8E0FE00E92210 /* chameleon_qtmovie_unfullscreen.png in Resources */ = {isa = PBXBuildFile; fileRef = 740773B216E8E0FE00E92210 /* chameleon_qtmovie_unfullscreen.png */; };
		740773B516E8E0FE00E92210 /* chameleon_qtmovie_unfullscreen@2x.png in Resources */ = {isa = PBXBuildFile; fileRef = 740773B316E8E0FE00E92210 /* chameleon_qtmovie_unfullscreen@2x.png */; };
		74103FB016E22E0E0089690C /* chameleon_qtmovie_fast_backward.png in Resources */ = {isa = PBXBuildFile; fileRef = 74103FA916E22E0E0089690C /* chameleon_qtmovie_fast_backward.png */; };
		74103FB116E22E0E0089690C /* chameleon_qtmovie_fast_forward.png in Resources */ = {isa = PBXBuildFile; fileRef = 74103FAA16E22E0E0089690C /* chameleon_qtmovie_fast_forward.png */; };
		74103FB216E22E0E0089690C /* chameleon_qtmovie_pause.png in Resources */ = {isa = PBXBuildFile; fileRef = 74103FAB16E22E0E0089690C /* chameleon_qtmovie_pause.png */; };
		74103FB316E22E0E0089690C /* chameleon_qtmovie_play.png in Resources */ = {isa = PBXBuildFile; fileRef = 74103FAC16E22E0E0089690C /* chameleon_qtmovie_play.png */; };
		74103FB416E22E0E0089690C /* chameleon_qtmovie_volume-1.png in Resources */ = {isa = PBXBuildFile; fileRef = 74103FAD16E22E0E0089690C /* chameleon_qtmovie_volume-1.png */; };
		74103FB516E22E0E0089690C /* chameleon_qtmovie_volume-2.png in Resources */ = {isa = PBXBuildFile; fileRef = 74103FAE16E22E0E0089690C /* chameleon_qtmovie_volume-2.png */; };
		74103FB616E22E0E0089690C /* chameleon_qtmovie_volume-3.png in Resources */ = {isa = PBXBuildFile; fileRef = 74103FAF16E22E0E0089690C /* chameleon_qtmovie_volume-3.png */; };
		74A7E80216E9AF9C0044A432 /* MPVolumeBar.h in Headers */ = {isa = PBXBuildFile; fileRef = 74A7E80016E9AF9C0044A432 /* MPVolumeBar.h */; settings = {ATTRIBUTES = (Public, ); }; };
		74A7E80316E9AF9C0044A432 /* MPVolumeBar.m in Sources */ = {isa = PBXBuildFile; fileRef = 74A7E80116E9AF9C0044A432 /* MPVolumeBar.m */; };
		74A7E80E16E9C9A20044A432 /* chameleon_qtmovie_pauses.png in Resources */ = {isa = PBXBuildFile; fileRef = 74A7E80916E9C9A20044A432 /* chameleon_qtmovie_pauses.png */; };
		74A7E80F16E9C9A20044A432 /* chameleon_qtmovie_volume-0s.png in Resources */ = {isa = PBXBuildFile; fileRef = 74A7E80A16E9C9A20044A432 /* chameleon_qtmovie_volume-0s.png */; };
		74A7E81016E9C9A20044A432 /* chameleon_qtmovie_volume-1s.png in Resources */ = {isa = PBXBuildFile; fileRef = 74A7E80B16E9C9A20044A432 /* chameleon_qtmovie_volume-1s.png */; };
		74A7E81116E9C9A20044A432 /* chameleon_qtmovie_volume-2s.png in Resources */ = {isa = PBXBuildFile; fileRef = 74A7E80C16E9C9A20044A432 /* chameleon_qtmovie_volume-2s.png */; };
		74A7E81216E9C9A20044A432 /* chameleon_qtmovie_volume-3s.png in Resources */ = {isa = PBXBuildFile; fileRef = 74A7E80D16E9C9A20044A432 /* chameleon_qtmovie_volume-3s.png */; };
/* End PBXBuildFile section */

/* Begin PBXContainerItemProxy section */
		4C16787913C71F8A00814195 /* PBXContainerItemProxy */ = {
			isa = PBXContainerItemProxy;
			containerPortal = 4C16787213C71F8A00814195 /* UIKit.xcodeproj */;
			proxyType = 2;
			remoteGlobalIDString = 8DC2EF5B0486A6940098B216;
			remoteInfo = UIKit;
		};
/* End PBXContainerItemProxy section */

/* Begin PBXFileReference section */
		0867D69BFE84028FC02AAC07 /* Foundation.framework */ = {isa = PBXFileReference; lastKnownFileType = wrapper.framework; name = Foundation.framework; path = /System/Library/Frameworks/Foundation.framework; sourceTree = "<absolute>"; };
		0867D6A5FE840307C02AAC07 /* AppKit.framework */ = {isa = PBXFileReference; lastKnownFileType = wrapper.framework; name = AppKit.framework; path = /System/Library/Frameworks/AppKit.framework; sourceTree = "<absolute>"; };
		14C25EF41211ED0C00622309 /* MediaPlayer_Prefix.pch */ = {isa = PBXFileReference; fileEncoding = 4; lastKnownFileType = sourcecode.c.h; path = MediaPlayer_Prefix.pch; sourceTree = "<group>"; };
		14EFB1BA1211DB5300D19B0C /* Cocoa.framework */ = {isa = PBXFileReference; lastKnownFileType = wrapper.framework; name = Cocoa.framework; path = System/Library/Frameworks/Cocoa.framework; sourceTree = SDKROOT; };
		4C16781813C71E6200814195 /* UIInternalMovieView.h */ = {isa = PBXFileReference; fileEncoding = 4; lastKnownFileType = sourcecode.c.h; name = UIInternalMovieView.h; path = Classes/UIInternalMovieView.h; sourceTree = "<group>"; };
		4C16781913C71E6200814195 /* UIInternalMovieView.m */ = {isa = PBXFileReference; fileEncoding = 4; lastKnownFileType = sourcecode.c.objc; name = UIInternalMovieView.m; path = Classes/UIInternalMovieView.m; sourceTree = "<group>"; };
		4C16787213C71F8A00814195 /* UIKit.xcodeproj */ = {isa = PBXFileReference; lastKnownFileType = "wrapper.pb-project"; name = UIKit.xcodeproj; path = ../UIKit/UIKit.xcodeproj; sourceTree = "<group>"; };
		4C16787C13C71FB900814195 /* UIKit.framework */ = {isa = PBXFileReference; explicitFileType = wrapper.framework; path = UIKit.framework; sourceTree = SOURCE_ROOT; };
		4C16789E13C7206500814195 /* QTKit.framework */ = {isa = PBXFileReference; lastKnownFileType = wrapper.framework; name = QTKit.framework; path = System/Library/Frameworks/QTKit.framework; sourceTree = SDKROOT; };
		4C72FDF513C746E800D3E453 /* QuartzCore.framework */ = {isa = PBXFileReference; lastKnownFileType = wrapper.framework; name = QuartzCore.framework; path = System/Library/Frameworks/QuartzCore.framework; sourceTree = SDKROOT; };
		7407731916E5D8B800E92210 /* chameleon_qtmovie_volume-0.png */ = {isa = PBXFileReference; lastKnownFileType = image.png; path = "chameleon_qtmovie_volume-0.png"; sourceTree = "<group>"; };
		7407732F16E5FF3800E92210 /* chameleon_qtmovie_fullscreen.png */ = {isa = PBXFileReference; lastKnownFileType = image.png; path = chameleon_qtmovie_fullscreen.png; sourceTree = "<group>"; };
		7407734A16E7432400E92210 /* MediaPlayer.h */ = {isa = PBXFileReference; fileEncoding = 4; lastKnownFileType = sourcecode.c.h; path = MediaPlayer.h; sourceTree = "<group>"; };
		7407734B16E7432400E92210 /* MPMediaPlayback.h */ = {isa = PBXFileReference; fileEncoding = 4; lastKnownFileType = sourcecode.c.h; path = MPMediaPlayback.h; sourceTree = "<group>"; };
		7407734C16E7432400E92210 /* MPMovie.h */ = {isa = PBXFileReference; fileEncoding = 4; lastKnownFileType = sourcecode.c.h; path = MPMovie.h; sourceTree = "<group>"; };
		7407734D16E7432400E92210 /* MPMovie.m */ = {isa = PBXFileReference; fileEncoding = 4; lastKnownFileType = sourcecode.c.objc; path = MPMovie.m; sourceTree = "<group>"; };
		7407734E16E7432400E92210 /* MPMoviePlayerController.h */ = {isa = PBXFileReference; fileEncoding = 4; lastKnownFileType = sourcecode.c.h; path = MPMoviePlayerController.h; sourceTree = "<group>"; };
		7407734F16E7432400E92210 /* MPMoviePlayerController.m */ = {isa = PBXFileReference; fileEncoding = 4; lastKnownFileType = sourcecode.c.objc; path = MPMoviePlayerController.m; sourceTree = "<group>"; };
		7407735016E7432400E92210 /* MPMoviePlayerCtrlPanel.h */ = {isa = PBXFileReference; fileEncoding = 4; lastKnownFileType = sourcecode.c.h; path = MPMoviePlayerCtrlPanel.h; sourceTree = "<group>"; };
		7407735116E7432400E92210 /* MPMoviePlayerCtrlPanel.m */ = {isa = PBXFileReference; fileEncoding = 4; lastKnownFileType = sourcecode.c.objc; path = MPMoviePlayerCtrlPanel.m; sourceTree = "<group>"; };
		7407735216E7432400E92210 /* MPMoviePlayerHUD.h */ = {isa = PBXFileReference; fileEncoding = 4; lastKnownFileType = sourcecode.c.h; path = MPMoviePlayerHUD.h; sourceTree = "<group>"; };
		7407735316E7432400E92210 /* MPMoviePlayerHUD.m */ = {isa = PBXFileReference; fileEncoding = 4; lastKnownFileType = sourcecode.c.objc; path = MPMoviePlayerHUD.m; sourceTree = "<group>"; };
		7407735416E7432400E92210 /* MPMovieProgressBar.h */ = {isa = PBXFileReference; fileEncoding = 4; lastKnownFileType = sourcecode.c.h; path = MPMovieProgressBar.h; sourceTree = "<group>"; };
		7407735516E7432400E92210 /* MPMovieProgressBar.m */ = {isa = PBXFileReference; fileEncoding = 4; lastKnownFileType = sourcecode.c.objc; path = MPMovieProgressBar.m; sourceTree = "<group>"; };
		7407735616E7432400E92210 /* MPMovieView.h */ = {isa = PBXFileReference; fileEncoding = 4; lastKnownFileType = sourcecode.c.h; path = MPMovieView.h; sourceTree = "<group>"; };
		7407735716E7432400E92210 /* MPMovieView.m */ = {isa = PBXFileReference; fileEncoding = 4; lastKnownFileType = sourcecode.c.objc; path = MPMovieView.m; sourceTree = "<group>"; };
		7407735816E7432400E92210 /* MPMusicPlayerController.h */ = {isa = PBXFileReference; fileEncoding = 4; lastKnownFileType = sourcecode.c.h; path = MPMusicPlayerController.h; sourceTree = "<group>"; };
		7407735916E7432400E92210 /* MPMusicPlayerController.m */ = {isa = PBXFileReference; fileEncoding = 4; lastKnownFileType = sourcecode.c.objc; path = MPMusicPlayerController.m; sourceTree = "<group>"; };
		7407735A16E7432400E92210 /* QTMovie+PlaybackStatusAfx.h */ = {isa = PBXFileReference; fileEncoding = 4; lastKnownFileType = sourcecode.c.h; path = "QTMovie+PlaybackStatusAfx.h"; sourceTree = "<group>"; };
		7407735B16E7432400E92210 /* QTMovie+PlaybackStatusAfx.m */ = {isa = PBXFileReference; fileEncoding = 4; lastKnownFileType = sourcecode.c.objc; path = "QTMovie+PlaybackStatusAfx.m"; sourceTree = "<group>"; };
		7407735E16E7432400E92210 /* UIImage+QTKitImage.h */ = {isa = PBXFileReference; fileEncoding = 4; lastKnownFileType = sourcecode.c.h; path = "UIImage+QTKitImage.h"; sourceTree = "<group>"; };
		7407735F16E7432400E92210 /* UIImage+QTKitImage.m */ = {isa = PBXFileReference; fileEncoding = 4; lastKnownFileType = sourcecode.c.objc; path = "UIImage+QTKitImage.m"; sourceTree = "<group>"; };
		7407737616E78DFD00E92210 /* MPMovieCtrlBackground.h */ = {isa = PBXFileReference; fileEncoding = 4; lastKnownFileType = sourcecode.c.h; path = MPMovieCtrlBackground.h; sourceTree = "<group>"; };
		7407737716E78DFE00E92210 /* MPMovieCtrlBackground.m */ = {isa = PBXFileReference; fileEncoding = 4; lastKnownFileType = sourcecode.c.objc; path = MPMovieCtrlBackground.m; sourceTree = "<group>"; };
		7407738216E8810C00E92210 /* chameleon_qtmovie_fullscreen@2x.png */ = {isa = PBXFileReference; lastKnownFileType = image.png; path = "chameleon_qtmovie_fullscreen@2x.png"; sourceTree = "<group>"; };
		740773B216E8E0FE00E92210 /* chameleon_qtmovie_unfullscreen.png */ = {isa = PBXFileReference; lastKnownFileType = image.png; path = chameleon_qtmovie_unfullscreen.png; sourceTree = "<group>"; };
		740773B316E8E0FE00E92210 /* chameleon_qtmovie_unfullscreen@2x.png */ = {isa = PBXFileReference; lastKnownFileType = image.png; path = "chameleon_qtmovie_unfullscreen@2x.png"; sourceTree = "<group>"; };
		74103FA916E22E0E0089690C /* chameleon_qtmovie_fast_backward.png */ = {isa = PBXFileReference; lastKnownFileType = image.png; path = chameleon_qtmovie_fast_backward.png; sourceTree = "<group>"; };
		74103FAA16E22E0E0089690C /* chameleon_qtmovie_fast_forward.png */ = {isa = PBXFileReference; lastKnownFileType = image.png; path = chameleon_qtmovie_fast_forward.png; sourceTree = "<group>"; };
		74103FAB16E22E0E0089690C /* chameleon_qtmovie_pause.png */ = {isa = PBXFileReference; lastKnownFileType = image.png; path = chameleon_qtmovie_pause.png; sourceTree = "<group>"; };
		74103FAC16E22E0E0089690C /* chameleon_qtmovie_play.png */ = {isa = PBXFileReference; lastKnownFileType = image.png; path = chameleon_qtmovie_play.png; sourceTree = "<group>"; };
		74103FAD16E22E0E0089690C /* chameleon_qtmovie_volume-1.png */ = {isa = PBXFileReference; lastKnownFileType = image.png; path = "chameleon_qtmovie_volume-1.png"; sourceTree = "<group>"; };
		74103FAE16E22E0E0089690C /* chameleon_qtmovie_volume-2.png */ = {isa = PBXFileReference; lastKnownFileType = image.png; path = "chameleon_qtmovie_volume-2.png"; sourceTree = "<group>"; };
		74103FAF16E22E0E0089690C /* chameleon_qtmovie_volume-3.png */ = {isa = PBXFileReference; lastKnownFileType = image.png; path = "chameleon_qtmovie_volume-3.png"; sourceTree = "<group>"; };
		74A7E80016E9AF9C0044A432 /* MPVolumeBar.h */ = {isa = PBXFileReference; fileEncoding = 4; lastKnownFileType = sourcecode.c.h; path = MPVolumeBar.h; sourceTree = "<group>"; };
		74A7E80116E9AF9C0044A432 /* MPVolumeBar.m */ = {isa = PBXFileReference; fileEncoding = 4; lastKnownFileType = sourcecode.c.objc; path = MPVolumeBar.m; sourceTree = "<group>"; };
		74A7E80916E9C9A20044A432 /* chameleon_qtmovie_pauses.png */ = {isa = PBXFileReference; lastKnownFileType = image.png; path = chameleon_qtmovie_pauses.png; sourceTree = "<group>"; };
		74A7E80A16E9C9A20044A432 /* chameleon_qtmovie_volume-0s.png */ = {isa = PBXFileReference; lastKnownFileType = image.png; path = "chameleon_qtmovie_volume-0s.png"; sourceTree = "<group>"; };
		74A7E80B16E9C9A20044A432 /* chameleon_qtmovie_volume-1s.png */ = {isa = PBXFileReference; lastKnownFileType = image.png; path = "chameleon_qtmovie_volume-1s.png"; sourceTree = "<group>"; };
		74A7E80C16E9C9A20044A432 /* chameleon_qtmovie_volume-2s.png */ = {isa = PBXFileReference; lastKnownFileType = image.png; path = "chameleon_qtmovie_volume-2s.png"; sourceTree = "<group>"; };
		74A7E80D16E9C9A20044A432 /* chameleon_qtmovie_volume-3s.png */ = {isa = PBXFileReference; lastKnownFileType = image.png; path = "chameleon_qtmovie_volume-3s.png"; sourceTree = "<group>"; };
		8DC2EF5B0486A6940098B216 /* MediaPlayer.framework */ = {isa = PBXFileReference; explicitFileType = wrapper.framework; includeInIndex = 0; path = MediaPlayer.framework; sourceTree = BUILT_PRODUCTS_DIR; };
/* End PBXFileReference section */

/* Begin PBXFrameworksBuildPhase section */
		8DC2EF560486A6940098B216 /* Frameworks */ = {
			isa = PBXFrameworksBuildPhase;
			buildActionMask = 2147483647;
			files = (
				4C72FDF613C746E800D3E453 /* QuartzCore.framework in Frameworks */,
				4C16789F13C7206500814195 /* QTKit.framework in Frameworks */,
				4C16787D13C71FB900814195 /* UIKit.framework in Frameworks */,
				14EFB1BB1211DB5300D19B0C /* Cocoa.framework in Frameworks */,
			);
			runOnlyForDeploymentPostprocessing = 0;
		};
/* End PBXFrameworksBuildPhase section */

/* Begin PBXGroup section */
		034768DFFF38A50411DB9C8B /* Products */ = {
			isa = PBXGroup;
			children = (
				8DC2EF5B0486A6940098B216 /* MediaPlayer.framework */,
			);
			name = Products;
			sourceTree = "<group>";
		};
		0867D691FE84028FC02AAC07 /* UIKit */ = {
			isa = PBXGroup;
			children = (
				4C72FDF513C746E800D3E453 /* QuartzCore.framework */,
				4C16789E13C7206500814195 /* QTKit.framework */,
				4C16787C13C71FB900814195 /* UIKit.framework */,
				74103FA816E22E0E0089690C /* Resources */,
				08FB77AEFE84172EC02AAC07 /* Classes */,
				4C16780A13C71DDC00814195 /* Private Classes */,
				32C88DFF0371C24200C91783 /* Other Sources */,
				0867D69AFE84028FC02AAC07 /* External Frameworks and Libraries */,
				034768DFFF38A50411DB9C8B /* Products */,
				4C16787213C71F8A00814195 /* UIKit.xcodeproj */,
			);
			name = UIKit;
			sourceTree = "<group>";
		};
		0867D69AFE84028FC02AAC07 /* External Frameworks and Libraries */ = {
			isa = PBXGroup;
			children = (
				0867D6A5FE840307C02AAC07 /* AppKit.framework */,
				0867D69BFE84028FC02AAC07 /* Foundation.framework */,
				14EFB1BA1211DB5300D19B0C /* Cocoa.framework */,
			);
			name = "External Frameworks and Libraries";
			sourceTree = "<group>";
		};
		08FB77AEFE84172EC02AAC07 /* Classes */ = {
			isa = PBXGroup;
			children = (
				7407735816E7432400E92210 /* MPMusicPlayerController.h */,
				7407735916E7432400E92210 /* MPMusicPlayerController.m */,
				7407734A16E7432400E92210 /* MediaPlayer.h */,
				7407734B16E7432400E92210 /* MPMediaPlayback.h */,
				7407734C16E7432400E92210 /* MPMovie.h */,
				7407734D16E7432400E92210 /* MPMovie.m */,
				7407734E16E7432400E92210 /* MPMoviePlayerController.h */,
				7407734F16E7432400E92210 /* MPMoviePlayerController.m */,
				7407735016E7432400E92210 /* MPMoviePlayerCtrlPanel.h */,
				7407735116E7432400E92210 /* MPMoviePlayerCtrlPanel.m */,
				7407737616E78DFD00E92210 /* MPMovieCtrlBackground.h */,
				7407737716E78DFE00E92210 /* MPMovieCtrlBackground.m */,
				7407735216E7432400E92210 /* MPMoviePlayerHUD.h */,
				7407735316E7432400E92210 /* MPMoviePlayerHUD.m */,
				7407735416E7432400E92210 /* MPMovieProgressBar.h */,
				7407735516E7432400E92210 /* MPMovieProgressBar.m */,
				74A7E80016E9AF9C0044A432 /* MPVolumeBar.h */,
				74A7E80116E9AF9C0044A432 /* MPVolumeBar.m */,
				7407735616E7432400E92210 /* MPMovieView.h */,
				7407735716E7432400E92210 /* MPMovieView.m */,
				7407735A16E7432400E92210 /* QTMovie+PlaybackStatusAfx.h */,
				7407735B16E7432400E92210 /* QTMovie+PlaybackStatusAfx.m */,
				7407735E16E7432400E92210 /* UIImage+QTKitImage.h */,
				7407735F16E7432400E92210 /* UIImage+QTKitImage.m */,
			);
			path = Classes;
			sourceTree = "<group>";
		};
		32C88DFF0371C24200C91783 /* Other Sources */ = {
			isa = PBXGroup;
			children = (
				14C25EF41211ED0C00622309 /* MediaPlayer_Prefix.pch */,
			);
			name = "Other Sources";
			sourceTree = "<group>";
		};
		4C16780A13C71DDC00814195 /* Private Classes */ = {
			isa = PBXGroup;
			children = (
				4C16781813C71E6200814195 /* UIInternalMovieView.h */,
				4C16781913C71E6200814195 /* UIInternalMovieView.m */,
			);
			name = "Private Classes";
			sourceTree = "<group>";
		};
		4C16787313C71F8A00814195 /* Products */ = {
			isa = PBXGroup;
			children = (
				4C16787A13C71F8A00814195 /* UIKit.framework */,
			);
			name = Products;
			sourceTree = "<group>";
		};
		74103FA816E22E0E0089690C /* Resources */ = {
			isa = PBXGroup;
			children = (
				740773B216E8E0FE00E92210 /* chameleon_qtmovie_unfullscreen.png */,
				740773B316E8E0FE00E92210 /* chameleon_qtmovie_unfullscreen@2x.png */,
				7407732F16E5FF3800E92210 /* chameleon_qtmovie_fullscreen.png */,
				7407738216E8810C00E92210 /* chameleon_qtmovie_fullscreen@2x.png */,
				74103FA916E22E0E0089690C /* chameleon_qtmovie_fast_backward.png */,
				74103FAA16E22E0E0089690C /* chameleon_qtmovie_fast_forward.png */,
				74103FAB16E22E0E0089690C /* chameleon_qtmovie_pause.png */,
				74103FAC16E22E0E0089690C /* chameleon_qtmovie_play.png */,
				7407731916E5D8B800E92210 /* chameleon_qtmovie_volume-0.png */,
				74103FAD16E22E0E0089690C /* chameleon_qtmovie_volume-1.png */,
				74103FAE16E22E0E0089690C /* chameleon_qtmovie_volume-2.png */,
				74103FAF16E22E0E0089690C /* chameleon_qtmovie_volume-3.png */,
				74A7E80916E9C9A20044A432 /* chameleon_qtmovie_pauses.png */,
				74A7E80A16E9C9A20044A432 /* chameleon_qtmovie_volume-0s.png */,
				74A7E80B16E9C9A20044A432 /* chameleon_qtmovie_volume-1s.png */,
				74A7E80C16E9C9A20044A432 /* chameleon_qtmovie_volume-2s.png */,
				74A7E80D16E9C9A20044A432 /* chameleon_qtmovie_volume-3s.png */,
			);
			path = Resources;
			sourceTree = "<group>";
		};
/* End PBXGroup section */

/* Begin PBXHeadersBuildPhase section */
		8DC2EF500486A6940098B216 /* Headers */ = {
			isa = PBXHeadersBuildPhase;
			buildActionMask = 2147483647;
			files = (
				4C16781A13C71E6200814195 /* UIInternalMovieView.h in Headers */,
				7407736016E7432400E92210 /* MediaPlayer.h in Headers */,
				7407736116E7432400E92210 /* MPMediaPlayback.h in Headers */,
				7407736216E7432400E92210 /* MPMovie.h in Headers */,
				7407736416E7432400E92210 /* MPMoviePlayerController.h in Headers */,
				7407736616E7432400E92210 /* MPMoviePlayerCtrlPanel.h in Headers */,
				7407736816E7432400E92210 /* MPMoviePlayerHUD.h in Headers */,
				7407736A16E7432400E92210 /* MPMovieProgressBar.h in Headers */,
				7407736C16E7432400E92210 /* MPMovieView.h in Headers */,
				7407736E16E7432400E92210 /* MPMusicPlayerController.h in Headers */,
				7407737016E7432400E92210 /* QTMovie+PlaybackStatusAfx.h in Headers */,
				7407737416E7432400E92210 /* UIImage+QTKitImage.h in Headers */,
				74A7E80216E9AF9C0044A432 /* MPVolumeBar.h in Headers */,
				7407737816E78DFF00E92210 /* MPMovieCtrlBackground.h in Headers */,
			);
			runOnlyForDeploymentPostprocessing = 0;
		};
/* End PBXHeadersBuildPhase section */

/* Begin PBXNativeTarget section */
		8DC2EF4F0486A6940098B216 /* MediaPlayer */ = {
			isa = PBXNativeTarget;
			buildConfigurationList = 1DEB91AD08733DA50010E9CD /* Build configuration list for PBXNativeTarget "MediaPlayer" */;
			buildPhases = (
				8DC2EF500486A6940098B216 /* Headers */,
				8DC2EF520486A6940098B216 /* Resources */,
				8DC2EF540486A6940098B216 /* Sources */,
				8DC2EF560486A6940098B216 /* Frameworks */,
			);
			buildRules = (
			);
			dependencies = (
			);
			name = MediaPlayer;
			productInstallPath = "$(HOME)/Library/Frameworks";
			productName = UIKit;
			productReference = 8DC2EF5B0486A6940098B216 /* MediaPlayer.framework */;
			productType = "com.apple.product-type.framework";
		};
/* End PBXNativeTarget section */

/* Begin PBXProject section */
		0867D690FE84028FC02AAC07 /* Project object */ = {
			isa = PBXProject;
			attributes = {
				LastUpgradeCheck = 0430;
			};
			buildConfigurationList = 1DEB91B108733DA50010E9CD /* Build configuration list for PBXProject "MediaPlayer" */;
			compatibilityVersion = "Xcode 3.2";
			developmentRegion = English;
			hasScannedForEncodings = 1;
			knownRegions = (
				English,
				Japanese,
				French,
				German,
			);
			mainGroup = 0867D691FE84028FC02AAC07 /* UIKit */;
			productRefGroup = 034768DFFF38A50411DB9C8B /* Products */;
			projectDirPath = "";
			projectReferences = (
				{
					ProductGroup = 4C16787313C71F8A00814195 /* Products */;
					ProjectRef = 4C16787213C71F8A00814195 /* UIKit.xcodeproj */;
				},
			);
			projectRoot = "";
			targets = (
				8DC2EF4F0486A6940098B216 /* MediaPlayer */,
			);
		};
/* End PBXProject section */

/* Begin PBXReferenceProxy section */
		4C16787A13C71F8A00814195 /* UIKit.framework */ = {
			isa = PBXReferenceProxy;
			fileType = wrapper.framework;
			path = UIKit.framework;
			remoteRef = 4C16787913C71F8A00814195 /* PBXContainerItemProxy */;
			sourceTree = BUILT_PRODUCTS_DIR;
		};
/* End PBXReferenceProxy section */

/* Begin PBXResourcesBuildPhase section */
		8DC2EF520486A6940098B216 /* Resources */ = {
			isa = PBXResourcesBuildPhase;
			buildActionMask = 2147483647;
			files = (
				74103FB016E22E0E0089690C /* chameleon_qtmovie_fast_backward.png in Resources */,
				74103FB116E22E0E0089690C /* chameleon_qtmovie_fast_forward.png in Resources */,
				74103FB216E22E0E0089690C /* chameleon_qtmovie_pause.png in Resources */,
				74103FB316E22E0E0089690C /* chameleon_qtmovie_play.png in Resources */,
				74103FB416E22E0E0089690C /* chameleon_qtmovie_volume-1.png in Resources */,
				74103FB516E22E0E0089690C /* chameleon_qtmovie_volume-2.png in Resources */,
				74103FB616E22E0E0089690C /* chameleon_qtmovie_volume-3.png in Resources */,
				7407731A16E5D8B800E92210 /* chameleon_qtmovie_volume-0.png in Resources */,
				7407733016E5FF3800E92210 /* chameleon_qtmovie_fullscreen.png in Resources */,
				7407738316E8810C00E92210 /* chameleon_qtmovie_fullscreen@2x.png in Resources */,
				740773B416E8E0FE00E92210 /* chameleon_qtmovie_unfullscreen.png in Resources */,
				740773B516E8E0FE00E92210 /* chameleon_qtmovie_unfullscreen@2x.png in Resources */,
				74A7E80E16E9C9A20044A432 /* chameleon_qtmovie_pauses.png in Resources */,
				74A7E80F16E9C9A20044A432 /* chameleon_qtmovie_volume-0s.png in Resources */,
				74A7E81016E9C9A20044A432 /* chameleon_qtmovie_volume-1s.png in Resources */,
				74A7E81116E9C9A20044A432 /* chameleon_qtmovie_volume-2s.png in Resources */,
				74A7E81216E9C9A20044A432 /* chameleon_qtmovie_volume-3s.png in Resources */,
			);
			runOnlyForDeploymentPostprocessing = 0;
		};
/* End PBXResourcesBuildPhase section */

/* Begin PBXSourcesBuildPhase section */
		8DC2EF540486A6940098B216 /* Sources */ = {
			isa = PBXSourcesBuildPhase;
			buildActionMask = 2147483647;
			files = (
				4C16781B13C71E6200814195 /* UIInternalMovieView.m in Sources */,
				7407736316E7432400E92210 /* MPMovie.m in Sources */,
				7407736516E7432400E92210 /* MPMoviePlayerController.m in Sources */,
				7407736716E7432400E92210 /* MPMoviePlayerCtrlPanel.m in Sources */,
				7407736916E7432400E92210 /* MPMoviePlayerHUD.m in Sources */,
				7407736B16E7432400E92210 /* MPMovieProgressBar.m in Sources */,
				7407736D16E7432400E92210 /* MPMovieView.m in Sources */,
				7407736F16E7432400E92210 /* MPMusicPlayerController.m in Sources */,
				7407737116E7432400E92210 /* QTMovie+PlaybackStatusAfx.m in Sources */,
				7407737516E7432400E92210 /* UIImage+QTKitImage.m in Sources */,
				7407737916E78DFF00E92210 /* MPMovieCtrlBackground.m in Sources */,
				74A7E80316E9AF9C0044A432 /* MPVolumeBar.m in Sources */,
			);
			runOnlyForDeploymentPostprocessing = 0;
		};
/* End PBXSourcesBuildPhase section */

/* Begin XCBuildConfiguration section */
		1DEB91AE08733DA50010E9CD /* Debug */ = {
			isa = XCBuildConfiguration;
			buildSettings = {
				ALWAYS_SEARCH_USER_PATHS = NO;
				ARCHS = "$(ARCHS_STANDARD_32_64_BIT)";
				CODE_SIGN_IDENTITY = "";
				COPY_PHASE_STRIP = NO;
				DYLIB_COMPATIBILITY_VERSION = 1;
				DYLIB_CURRENT_VERSION = 1;
				FRAMEWORK_SEARCH_PATHS = (
					"$(inherited)",
					"\"$(SRCROOT)\"",
				);
				FRAMEWORK_VERSION = A;
				GCC_DYNAMIC_NO_PIC = NO;
				GCC_MODEL_TUNING = G5;
				GCC_OPTIMIZATION_LEVEL = 0;
				GCC_PRECOMPILE_PREFIX_HEADER = YES;
				GCC_PREFIX_HEADER = MediaPlayer_Prefix.pch;
				INFOPLIST_FILE = Info.plist;
				INSTALL_PATH = "@executable_path/../Frameworks";
				MACOSX_DEPLOYMENT_TARGET = 10.7;
				PRODUCT_NAME = MediaPlayer;
				SYMROOT = ../build;
				VALID_ARCHS = "i386 x86_64";
				WRAPPER_EXTENSION = framework;
			};
			name = Debug;
		};
		1DEB91AF08733DA50010E9CD /* Release */ = {
			isa = XCBuildConfiguration;
			buildSettings = {
				ALWAYS_SEARCH_USER_PATHS = NO;
				ARCHS = "$(ARCHS_STANDARD_32_64_BIT)";
				CODE_SIGN_IDENTITY = "";
				COPY_PHASE_STRIP = NO;
				DEBUG_INFORMATION_FORMAT = "dwarf-with-dsym";
				DYLIB_COMPATIBILITY_VERSION = 1;
				DYLIB_CURRENT_VERSION = 1;
				FRAMEWORK_SEARCH_PATHS = (
					"$(inherited)",
					"\"$(SRCROOT)\"",
				);
				FRAMEWORK_VERSION = A;
				GCC_MODEL_TUNING = G5;
				GCC_OPTIMIZATION_LEVEL = 0;
				GCC_PRECOMPILE_PREFIX_HEADER = YES;
				GCC_PREFIX_HEADER = MediaPlayer_Prefix.pch;
				INFOPLIST_FILE = Info.plist;
				INSTALL_PATH = "@executable_path/../Frameworks";
				MACOSX_DEPLOYMENT_TARGET = 10.7;
				ONLY_ACTIVE_ARCH = YES;
				PRODUCT_NAME = MediaPlayer;
				SYMROOT = ../build;
				VALID_ARCHS = "i386 x86_64";
				WRAPPER_EXTENSION = framework;
			};
			name = Release;
		};
		1DEB91B208733DA50010E9CD /* Debug */ = {
			isa = XCBuildConfiguration;
			buildSettings = {
				ARCHS = "$(ARCHS_STANDARD_32_64_BIT)";
				GCC_C_LANGUAGE_STANDARD = gnu99;
				GCC_OPTIMIZATION_LEVEL = 0;
				GCC_WARN_ABOUT_MISSING_PROTOTYPES = YES;
				GCC_WARN_ABOUT_RETURN_TYPE = YES;
				GCC_WARN_UNUSED_VARIABLE = YES;
				MACOSX_DEPLOYMENT_TARGET = 10.6;
				ONLY_ACTIVE_ARCH = YES;
				SDKROOT = macosx;
			};
			name = Debug;
		};
		1DEB91B308733DA50010E9CD /* Release */ = {
			isa = XCBuildConfiguration;
			buildSettings = {
				ARCHS = "$(ARCHS_STANDARD_32_64_BIT)";
				CODE_SIGN_IDENTITY = "3rd Party Mac Developer Application";
				GCC_C_LANGUAGE_STANDARD = gnu99;
				GCC_WARN_ABOUT_MISSING_PROTOTYPES = YES;
				GCC_WARN_ABOUT_RETURN_TYPE = YES;
				GCC_WARN_UNUSED_VARIABLE = YES;
				MACOSX_DEPLOYMENT_TARGET = 10.6;
				PROVISIONING_PROFILE = "";
				SDKROOT = macosx;
			};
			name = Release;
		};
/* End XCBuildConfiguration section */

/* Begin XCConfigurationList section */
		1DEB91AD08733DA50010E9CD /* Build configuration list for PBXNativeTarget "MediaPlayer" */ = {
			isa = XCConfigurationList;
			buildConfigurations = (
				1DEB91AE08733DA50010E9CD /* Debug */,
				1DEB91AF08733DA50010E9CD /* Release */,
			);
			defaultConfigurationIsVisible = 0;
			defaultConfigurationName = Release;
		};
		1DEB91B108733DA50010E9CD /* Build configuration list for PBXProject "MediaPlayer" */ = {
			isa = XCConfigurationList;
			buildConfigurations = (
				1DEB91B208733DA50010E9CD /* Debug */,
				1DEB91B308733DA50010E9CD /* Release */,
			);
			defaultConfigurationIsVisible = 0;
			defaultConfigurationName = Release;
		};
/* End XCConfigurationList section */
	};
	rootObject = 0867D690FE84028FC02AAC07 /* Project object */;
}
